{
  "lockfileVersion": 1,
  "configVersion": 1,
  "workspaces": {
    "": {
      "name": "railnet-sdk",
      "dependencies": {
        "viem": ">=2.0.0",
      },
      "devDependencies": {
        "@tanstack/intent": "^0.0.23",
      },
      "peerDependencies": {
        "@tanstack/react-query": ">=5.0.0",
        "react": ">=18.0.0",
        "wagmi": ">=2.0.0",
      },
      "optionalPeers": [
        "@tanstack/react-query",
        "react",
        "wagmi",
      ],
    },
  },
  "packages": {
    "@adraffy/ens-normalize": ["@adraffy/ens-normalize@1.11.1", "", {}, "sha512-nhCBV3quEgesuf7c7KYfperqSS14T8bYuvJ8PcLJp6znkZpFc0AuW4qBtr8eKVyPPe/8RSr7sglCWPU5eaxwKQ=="],

    "@noble/ciphers": ["@noble/ciphers@1.3.0", "", {}, "sha512-2I0gnIVPtfnMw9ee9h1dJG7tp81+8Ob3OJb3Mv37rx5L40/b0i7djjCVvGOVqc9AEIQyvyu1i6ypKdFw8R8gQw=="],

    "@noble/curves": ["@noble/curves@1.9.1", "", { "dependencies": { "@noble/hashes": "1.8.0" } }, "sha512-k11yZxZg+t+gWvBbIswW0yoJlu8cHOC7dhunwOzoWH/mXGBiYyR4YY6hAEK/3EUs4UpB8la1RfdRpeGsFHkWsA=="],

    "@noble/hashes": ["@noble/hashes@1.8.0", "", {}, "sha512-jCs9ldd7NwzpgXDIf6P3+NrHh9/sD6CQdxHyjQI+h/6rDNo88ypBxxz45UDuZHz9r3tNz7N/VInSVoVdtXEI4A=="],

    "@scure/base": ["@scure/base@1.2.6", "", {}, "sha512-g/nm5FgUa//MCj1gV09zTJTaM6KBAHqLN907YVQqf7zC49+DcO4B1so4ZX07Ef10Twr6nuqYEH9GEggFXA4Fmg=="],

    "@scure/bip32": ["@scure/bip32@1.7.0", "", { "dependencies": { "@noble/curves": "~1.9.0", "@noble/hashes": "~1.8.0", "@scure/base": "~1.2.5" } }, "sha512-E4FFX/N3f4B80AKWp5dP6ow+flD1LQZo/w8UnLGYZO674jS6YnYeepycOOksv+vLPSpgN35wgKgy+ybfTb2SMw=="],

    "@scure/bip39": ["@scure/bip39@1.6.0", "", { "dependencies": { "@noble/hashes": "~1.8.0", "@scure/base": "~1.2.5" } }, "sha512-+lF0BbLiJNwVlev4eKelw1WWLaiKXw7sSl8T6FvBlWkdX+94aGJ4o8XjUdlyhTCjd8c+B3KT3JfS8P0bLRNU6A=="],

    "@tanstack/intent": ["@tanstack/intent@0.0.23", "", { "dependencies": { "cac": "^6.7.14", "yaml": "^2.7.0" }, "bin": { "intent": "dist/cli.mjs", "intent-library": "dist/intent-library.mjs" } }, "sha512-q5e0sh5e+xBOR5Z7eoZTBcXtakgTwucm2m0bNUkj7h4UagSgIDmPRYbtC7B81AF4FB5rW2OP1zgl7Jd9EH4qEw=="],

    "@tanstack/query-core": ["@tanstack/query-core@5.90.20", "", {}, "sha512-OMD2HLpNouXEfZJWcKeVKUgQ5n+n3A2JFmBaScpNDUqSrQSjiveC7dKMe53uJUg1nDG16ttFPz2xfilz6i2uVg=="],

    "@tanstack/react-query": ["@tanstack/react-query@5.90.21", "", { "dependencies": { "@tanstack/query-core": "5.90.20" }, "peerDependencies": { "react": "^18 || ^19" } }, "sha512-0Lu6y5t+tvlTJMTO7oh5NSpJfpg/5D41LlThfepTixPYkJ0sE2Jj0m0f6yYqujBwIXlId87e234+MxG3D3g7kg=="],

    "@types/react": ["@types/react@19.2.14", "", { "dependencies": { "csstype": "^3.2.2" } }, "sha512-ilcTH/UniCkMdtexkoCN0bI7pMcJDvmQFPvuPvmEaYA/NSfFTAgdUSLAoVjaRJm7+6PvcM+q1zYOwS4wTYMF9w=="],

    "@wagmi/connectors": ["@wagmi/connectors@7.2.1", "", { "peerDependencies": { "@base-org/account": "^2.5.1", "@coinbase/wallet-sdk": "^4.3.6", "@metamask/sdk": "~0.33.1", "@safe-global/safe-apps-provider": "~0.18.6", "@safe-global/safe-apps-sdk": "^9.1.0", "@wagmi/core": "3.4.0", "@walletconnect/ethereum-provider": "^2.21.1", "porto": "~0.2.35", "typescript": ">=5.7.3", "viem": "2.x" }, "optionalPeers": ["@base-org/account", "@coinbase/wallet-sdk", "@metamask/sdk", "@safe-global/safe-apps-provider", "@safe-global/safe-apps-sdk", "@walletconnect/ethereum-provider", "porto", "typescript"] }, "sha512-/tyDepUMDM8eNzNX3ofjqHNRFZ6XcZ3u0+cQp5x0/LHCpMA8tRh7A1/e7dTrYiIJeL7iLgHzfHUXCsU02OKMLQ=="],

    "@wagmi/core": ["@wagmi/core@3.4.0", "", { "dependencies": { "eventemitter3": "5.0.1", "mipd": "0.0.7", "zustand": "5.0.0" }, "peerDependencies": { "@tanstack/query-core": ">=5.0.0", "ox": ">=0.11.1", "typescript": ">=5.7.3", "viem": "2.x" }, "optionalPeers": ["@tanstack/query-core", "ox", "typescript"] }, "sha512-EU5gDsUp5t7+cuLv12/L8hfyWfCIKsBNiiBqpOqxZJxvAcAiQk4xFe2jMgaQPqApc3Omvxrk032M8AQ4N0cQeg=="],

    "abitype": ["abitype@1.2.3", "", { "peerDependencies": { "typescript": ">=5.0.4", "zod": "^3.22.0 || ^4.0.0" }, "optionalPeers": ["typescript", "zod"] }, "sha512-Ofer5QUnuUdTFsBRwARMoWKOH1ND5ehwYhJ3OJ/BQO+StkwQjHw0XyVh4vDttzHB7QOFhPHa/o413PJ82gU/Tg=="],

    "cac": ["cac@6.7.14", "", {}, "sha512-b6Ilus+c3RrdDk+JhLKUAQfzzgLEPy6wcXqS7f/xe1EETvsDP6GORG7SFuOs6cID5YkqchW/LXZbX5bc8j7ZcQ=="],

    "csstype": ["csstype@3.2.3", "", {}, "sha512-z1HGKcYy2xA8AGQfwrn0PAy+PB7X/GSj3UVJW9qKyn43xWa+gl5nXmU4qqLMRzWVLFC8KusUX8T/0kCiOYpAIQ=="],

    "eventemitter3": ["eventemitter3@5.0.1", "", {}, "sha512-GWkBvjiSZK87ELrYOSESUYeVIc9mvLLf/nXalMOS5dYrgZq9o5OVkbZAVM06CVxYsCwH9BDZFPlQTlPA1j4ahA=="],

    "isows": ["isows@1.0.7", "", { "peerDependencies": { "ws": "*" } }, "sha512-I1fSfDCZL5P0v33sVqeTDSpcstAg/N+wF5HS033mogOVIp4B+oHC7oOCsA3axAbBSGTJ8QubbNmnIRN/h8U7hg=="],

    "mipd": ["mipd@0.0.7", "", { "peerDependencies": { "typescript": ">=5.0.4" }, "optionalPeers": ["typescript"] }, "sha512-aAPZPNDQ3uMTdKbuO2YmAw2TxLHO0moa4YKAyETM/DTj5FloZo+a+8tU+iv4GmW+sOxKLSRwcSFuczk+Cpt6fg=="],

    "ox": ["ox@0.12.4", "", { "dependencies": { "@adraffy/ens-normalize": "^1.11.0", "@noble/ciphers": "^1.3.0", "@noble/curves": "1.9.1", "@noble/hashes": "^1.8.0", "@scure/bip32": "^1.7.0", "@scure/bip39": "^1.6.0", "abitype": "^1.2.3", "eventemitter3": "5.0.1" }, "peerDependencies": { "typescript": ">=5.4.0" }, "optionalPeers": ["typescript"] }, "sha512-+P+C7QzuwPV8lu79dOwjBKfB2CbnbEXe/hfyyrff1drrO1nOOj3Hc87svHfcW1yneRr3WXaKr6nz11nq+/DF9Q=="],

    "react": ["react@19.2.4", "", {}, "sha512-9nfp2hYpCwOjAN+8TZFGhtWEwgvWHXqESH8qT89AT/lWklpLON22Lc8pEtnpsZz7VmawabSU0gCjnj8aC0euHQ=="],

    "typescript": ["typescript@5.9.3", "", { "bin": { "tsc": "bin/tsc", "tsserver": "bin/tsserver" } }, "sha512-jl1vZzPDinLr9eUt3J/t7V6FgNEw9QjvBPdysz9KfQDD41fQrC2Y4vKQdiaUpFT4bXlb1RHhLpp8wtm6M5TgSw=="],

    "use-sync-external-store": ["use-sync-external-store@1.4.0", "", { "peerDependencies": { "react": "^16.8.0 || ^17.0.0 || ^18.0.0 || ^19.0.0" } }, "sha512-9WXSPC5fMv61vaupRkCKCxsPxBocVnwakBEkMIHHpkTTg6icbJtg6jzgtLDm4bl3cSHAca52rYWih0k4K3PfHw=="],

    "viem": ["viem@2.46.3", "", { "dependencies": { "@noble/curves": "1.9.1", "@noble/hashes": "1.8.0", "@scure/bip32": "1.7.0", "@scure/bip39": "1.6.0", "abitype": "1.2.3", "isows": "1.0.7", "ox": "0.12.4", "ws": "8.18.3" }, "peerDependencies": { "typescript": ">=5.0.4" }, "optionalPeers": ["typescript"] }, "sha512-2LJS+Hyh2sYjHXQtzfv1kU9pZx9dxFzvoU/ZKIcn0FNtOU0HQuIICuYdWtUDFHaGXbAdVo8J1eCvmjkL9JVGwg=="],

    "wagmi": ["wagmi@3.5.0", "", { "dependencies": { "@wagmi/connectors": "7.2.1", "@wagmi/core": "3.4.0", "use-sync-external-store": "1.4.0" }, "peerDependencies": { "@tanstack/react-query": ">=5.0.0", "react": ">=18", "typescript": ">=5.7.3", "viem": "2.x" }, "optionalPeers": ["typescript"] }, "sha512-39uiY6Vkc28NiAHrxJzVTodoRgSVGG97EewwUxRf+jcFMTe8toAnaM8pJZA3Zw/6snMg4tSgWLJAtMnOacLe7w=="],

    "ws": ["ws@8.18.3", "", { "peerDependencies": { "bufferutil": "^4.0.1", "utf-8-validate": ">=5.0.2" }, "optionalPeers": ["bufferutil", "utf-8-validate"] }, "sha512-PEIGCY5tSlUt50cqyMXfCzX+oOPqN0vuGqWzbcJ2xvnkzkq46oOpz7dQaTDBdfICb4N14+GARUDw2XV2N4tvzg=="],

    "yaml": ["yaml@2.8.2", "", { "bin": { "yaml": "bin.mjs" } }, "sha512-mplynKqc1C2hTVYxd0PU2xQAc22TI1vShAYGksCCfxbn/dFwnHTNi1bvYsBTkhdUNtGIf5xNOg938rrSSYvS9A=="],

    "zustand": ["zustand@5.0.0", "", { "peerDependencies": { "@types/react": ">=18.0.0", "immer": ">=9.0.6", "react": ">=18.0.0", "use-sync-external-store": ">=1.2.0" }, "optionalPeers": ["@types/react", "immer", "react", "use-sync-external-store"] }, "sha512-LE+VcmbartOPM+auOjCCLQOsQ05zUTp8RkgwRzefUk+2jISdMMFnxvyTjA4YNWr5ZGXYbVsEMZosttuxUBkojQ=="],
  }
}
